
Microsoft Visual Studio Solution File, Format Version 12.00
# Visual Studio Version 16
VisualStudioVersion = 16.0.29806.167
MinimumVisualStudioVersion = 10.0.40219.1
Project("{2150E333-8FDC-42A3-9474-1A3956D46DE8}") = "0.dFramework", "0.dFramework", "{3E860CE8-E316-47B4-988D-59E2953244DD}"
EndProject
Project("{FAE04EC0-301F-11D3-BF4B-00C04F79EFBC}") = "DFramework", "DFramework\DFramework.csproj", "{BDFD8A53-1C12-44AF-9B80-489C84F453D1}"
EndProject
Project("{2150E333-8FDC-42A3-9474-1A3956D46DE8}") = "1.iPlugins", "1.iPlugins", "{85E331E4-3429-467E-BF8E-3D91EA1E6B24}"
EndProject
Project("{2150E333-8FDC-42A3-9474-1A3956D46DE8}") = "Ioc", "Ioc", "{2E628392-FBAF-4329-9E6A-9246E1C0A134}"
EndProject
Project("{FAE04EC0-301F-11D3-BF4B-00C04F79EFBC}") = "DFramework.Autofac", "DFramework.Autofac\DFramework.Autofac.csproj", "{222013A0-F717-4E0E-B3F5-44F5F877C751}"
EndProject
Project("{2150E333-8FDC-42A3-9474-1A3956D46DE8}") = "Loggings", "Loggings", "{C99AF6B0-7CD2-4504-B2DB-98F3EA806040}"
EndProject
Project("{FAE04EC0-301F-11D3-BF4B-00C04F79EFBC}") = "DFramework.Log4Net", "DFramework.Log4Net\DFramework.Log4Net.csproj", "{CFC915EE-FF1E-45BA-B9B5-CCFDE9F9B375}"
EndProject
Project("{FAE04EC0-301F-11D3-BF4B-00C04F79EFBC}") = "DFramework.JsonNet", "DFramework.JsonNet\DFramework.JsonNet.csproj", "{F555161C-3C75-49E6-8B19-3A53CE7569BD}"
EndProject
Project("{FAE04EC0-301F-11D3-BF4B-00C04F79EFBC}") = "DFramework.IoCTests", "DFramework.IoCTests\DFramework.IoCTests.csproj", "{EA56DE68-9B0B-4EC1-B65A-0BE4D3D34053}"
EndProject
Project("{FAE04EC0-301F-11D3-BF4B-00C04F79EFBC}") = "DFramework.JsonNetTests", "DFramework.JsonNetTests\DFramework.JsonNetTests.csproj", "{29D09D9A-B691-4119-B378-03F340B337A4}"
EndProject
Project("{FAE04EC0-301F-11D3-BF4B-00C04F79EFBC}") = "DFramework.Log4NetTests", "DFramework.Log4NetTests\DFramework.Log4NetTests.csproj", "{6A9B8C71-5091-4D61-8670-A5EEF033D3A8}"
EndProject
Project("{FAE04EC0-301F-11D3-BF4B-00C04F79EFBC}") = "DFramework.ExpressionTests", "DFramework.ExpressionTests\DFramework.ExpressionTests.csproj", "{F6986024-DAF7-4C1E-931B-F4CE7EABE93D}"
EndProject
Project("{2150E333-8FDC-42A3-9474-1A3956D46DE8}") = "DAL", "DAL", "{AAD9F833-7493-4DF3-A4D7-7C5003A432A5}"
EndProject
Project("{FAE04EC0-301F-11D3-BF4B-00C04F79EFBC}") = "DFramework.EntityFramework", "DFramework.EntityFramework\DFramework.EntityFramework.csproj", "{9A143FB8-9456-40E1-B027-BDE84C1E5035}"
EndProject
Project("{FAE04EC0-301F-11D3-BF4B-00C04F79EFBC}") = "DFramework.AspNet", "DFramework.AspNet\DFramework.AspNet.csproj", "{5B6F114A-6CCF-40F7-A300-708EE466588D}"
EndProject
Project("{FAE04EC0-301F-11D3-BF4B-00C04F79EFBC}") = "DFramework.FileUploadTest", "DFramework.FileUploadTest\DFramework.FileUploadTest.csproj", "{B2D6A801-E73C-4154-AAE1-4D059FF716A3}"
EndProject
Project("{FAE04EC0-301F-11D3-BF4B-00C04F79EFBC}") = "DFramework.KendoUI", "DFramework.KendoUI\DFramework.KendoUI.csproj", "{32B91976-EFE3-4488-B0D9-458AEB617F5C}"
EndProject
Project("{FAE04EC0-301F-11D3-BF4B-00C04F79EFBC}") = "DFramework.IoC.WebAPi", "DFramework.IoC.WebAPi\DFramework.IoC.WebAPi.csproj", "{EE227E32-FA88-41C9-B3BF-51FC5F6FA95C}"
EndProject
Project("{FAE04EC0-301F-11D3-BF4B-00C04F79EFBC}") = "DFramework.Zxing", "DFramework.Zxing\DFramework.Zxing.csproj", "{55511E2B-277C-4635-9EA8-34E4DAFAB860}"
EndProject
Project("{FAE04EC0-301F-11D3-BF4B-00C04F79EFBC}") = "DFramework.ServiceBusDemo", "DFramework.ServiceBusDemo\DFramework.ServiceBusDemo.csproj", "{83AE18BA-9A6D-491E-86DA-C92957D3E195}"
EndProject
Project("{FAE04EC0-301F-11D3-BF4B-00C04F79EFBC}") = "Dframework.SingleSignOn", "Dframework.SingleSignOn\Dframework.SingleSignOn.csproj", "{C6CAE2AF-DAE9-4A02-80B6-CFA19A52FAEE}"
EndProject
Project("{2150E333-8FDC-42A3-9474-1A3956D46DE8}") = "MessageQueue", "MessageQueue", "{7623A304-EFBB-470A-8576-D898B57ED962}"
EndProject
Project("{FAE04EC0-301F-11D3-BF4B-00C04F79EFBC}") = "DFramework.MessageQueue.ServiceBus", "DFramework.MessageQueue.ServiceBus\DFramework.MessageQueue.ServiceBus.csproj", "{DB695654-D045-4E56-80B2-94D705ECA556}"
EndProject
Project("{2150E333-8FDC-42A3-9474-1A3956D46DE8}") = "2.Samples", "2.Samples", "{D8FCA4F9-BA5E-4D62-B3DA-641DA53DB081}"
EndProject
Project("{2150E333-8FDC-42A3-9474-1A3956D46DE8}") = "Kafka", "Kafka", "{B38103B2-98C2-48F8-B8BC-9FEBC09F0C2D}"
EndProject
Project("{FAE04EC0-301F-11D3-BF4B-00C04F79EFBC}") = "DFramework.KafkaNet", "DFramework.KafkaNet\DFramework.KafkaNet.csproj", "{71952892-C01E-47E6-AB0B-0057CFB81845}"
EndProject
Project("{FAE04EC0-301F-11D3-BF4B-00C04F79EFBC}") = "KafkaProducer", "KafkaProducer\KafkaProducer.csproj", "{F5923503-0D8A-48CF-A013-ED56E9A7E0AD}"
EndProject
Project("{FAE04EC0-301F-11D3-BF4B-00C04F79EFBC}") = "KafkaConsumer", "KafkaConsumer\KafkaConsumer.csproj", "{7D86B7C8-28B3-4CC6-9D06-4614B588B3BE}"
EndProject
Project("{FAE04EC0-301F-11D3-BF4B-00C04F79EFBC}") = "KafkaDemo", "KafkaDemo\KafkaDemo.csproj", "{07F4A5F1-3FF8-42BD-A5CE-FBDE94AC6173}"
EndProject
Project("{2150E333-8FDC-42A3-9474-1A3956D46DE8}") = "Kafka", "Kafka", "{0313FF61-3BC9-4C6A-A418-BFAC0432B929}"
EndProject
Project("{FAE04EC0-301F-11D3-BF4B-00C04F79EFBC}") = "DFramework.MessageQueue.ConfluentKafka", "DFramework.MessageQueue.ConfluentKafka\DFramework.MessageQueue.ConfluentKafka.csproj", "{A511EEC8-CCEA-4BD2-97D1-BDD0EB0DA7D5}"
EndProject
Project("{2150E333-8FDC-42A3-9474-1A3956D46DE8}") = "Socket", "Socket", "{29C929B0-F18D-4D6B-B87D-2FCCF266083D}"
EndProject
Project("{FAE04EC0-301F-11D3-BF4B-00C04F79EFBC}") = "Server", "Server\Server.csproj", "{FCD432B6-4E3D-4D58-B900-359EE7F5FB85}"
EndProject
Project("{FAE04EC0-301F-11D3-BF4B-00C04F79EFBC}") = "Client", "Client\Client.csproj", "{AC0F77A8-848E-41FD-85C5-4023A203759D}"
EndProject
Project("{2150E333-8FDC-42A3-9474-1A3956D46DE8}") = "Akka.net", "Akka.net", "{64D21472-88EE-4E8E-9734-1EDB8FE30A69}"
EndProject
Project("{FAE04EC0-301F-11D3-BF4B-00C04F79EFBC}") = "AkkaDemo", "AkkaDemo\AkkaDemo.csproj", "{F0AB0FC3-DD6F-4D9F-A999-06454CD92E3E}"
EndProject
Project("{2150E333-8FDC-42A3-9474-1A3956D46DE8}") = "Orleans", "Orleans", "{A539842E-FD42-4665-A5BB-45183AF3C273}"
EndProject
Project("{FAE04EC0-301F-11D3-BF4B-00C04F79EFBC}") = "Interfaces", "Interfaces\Interfaces.csproj", "{12331036-2DBE-46F3-A78B-65A83D2E54EB}"
EndProject
Project("{FAE04EC0-301F-11D3-BF4B-00C04F79EFBC}") = "Grains", "Grains\Grains.csproj", "{0DAF19DB-2FE5-4604-87E7-9CD9E3F2D615}"
EndProject
Project("{FAE04EC0-301F-11D3-BF4B-00C04F79EFBC}") = "Silo", "Silo\Silo.csproj", "{5153016C-8EFC-4A2B-A90D-1FBAA70DD625}"
EndProject
Project("{FAE04EC0-301F-11D3-BF4B-00C04F79EFBC}") = "OrleansClient", "OrleansClient\OrleansClient.csproj", "{417AE025-B810-40C7-8034-A036FBC8625D}"
EndProject
Project("{FAE04EC0-301F-11D3-BF4B-00C04F79EFBC}") = "Event.PlayWithAkka.Client", "Event.PlayWithAkka.Client\Event.PlayWithAkka.Client.csproj", "{E7A4BA97-2ACC-46AF-912F-1AA06332AA45}"
EndProject
Project("{FAE04EC0-301F-11D3-BF4B-00C04F79EFBC}") = "Event.PlayWithAkka.Server", "Event.PlayWithAkka.Server\Event.PlayWithAkka.Server.csproj", "{17DD68C8-4BA9-4B6A-827A-4326E5A1EF43}"
EndProject
Project("{FAE04EC0-301F-11D3-BF4B-00C04F79EFBC}") = "Event.PlayWithAkka.Common", "Event.PlayWithAkka.Common\Event.PlayWithAkka.Common.csproj", "{187FEEC4-82DE-4C6A-A21C-4BD915826766}"
EndProject
Project("{2150E333-8FDC-42A3-9474-1A3956D46DE8}") = "ConsoleAppTest", "ConsoleAppTest", "{237BA69D-CD97-409F-A8F0-4844E38DA19F}"
EndProject
Project("{FAE04EC0-301F-11D3-BF4B-00C04F79EFBC}") = "ConsoleApp", "ConsoleApp\ConsoleApp.csproj", "{C0B947BF-2802-4403-A59A-F9C80D27BE63}"
EndProject
Project("{2150E333-8FDC-42A3-9474-1A3956D46DE8}") = "MvcTest", "MvcTest", "{A98CE0F6-AF69-4C65-B303-09AAF28EAF12}"
EndProject
Project("{FAE04EC0-301F-11D3-BF4B-00C04F79EFBC}") = "MyMvcTest", "MyMvcTest\MyMvcTest.csproj", "{4800C433-4EB2-4F8B-944E-02C66B371A1E}"
EndProject
Project("{FAE04EC0-301F-11D3-BF4B-00C04F79EFBC}") = "MyMvcUnitTest", "MyMvcUnitTest\MyMvcUnitTest.csproj", "{6D46B5C4-68DD-4433-9E23-0221632FB981}"
EndProject
Project("{2150E333-8FDC-42A3-9474-1A3956D46DE8}") = "Abpsrc", "Abpsrc", "{96CD18D0-C39A-4A20-A4FF-752DE8385536}"
EndProject
Project("{9A19103F-16F7-4668-BE54-9A1E7A4F7556}") = "Abp", "Abp\Abp.csproj", "{1BA6AB22-02C7-4D9D-A14F-5085E71FFB1F}"
EndProject
Project("{2150E333-8FDC-42A3-9474-1A3956D46DE8}") = "Common", "Common", "{1223258F-7F52-4DED-A241-F9080EFF2168}"
EndProject
Project("{FAE04EC0-301F-11D3-BF4B-00C04F79EFBC}") = "DCommon", "DCommon\DCommon.csproj", "{ED9B0EF0-4B72-40E0-93A5-DE2DB38912C0}"
EndProject
Project("{FAE04EC0-301F-11D3-BF4B-00C04F79EFBC}") = "DFramework.Interceptor", "DFramework.Interceptor\DFramework.Interceptor.csproj", "{0A3271EB-9C23-4D6C-8550-51D7872A68A9}"
EndProject
Project("{FAE04EC0-301F-11D3-BF4B-00C04F79EFBC}") = "ConsoleAsync", "ConsoleAsync\ConsoleAsync.csproj", "{90998858-DDCA-4705-B085-F9CB1E5E3625}"
EndProject
Project("{2150E333-8FDC-42A3-9474-1A3956D46DE8}") = "DesignPattern", "DesignPattern", "{483E79F0-C023-4B1E-B7E7-F1540DF6D50A}"
EndProject
Project("{FAE04EC0-301F-11D3-BF4B-00C04F79EFBC}") = "SimpleFactorySample", "SimpleFactorySample\SimpleFactorySample.csproj", "{BF065405-9D2C-4C17-A727-B48E08039C3E}"
EndProject
Project("{FAE04EC0-301F-11D3-BF4B-00C04F79EFBC}") = "FactoryMethodSample", "FactoryMethodSample\FactoryMethodSample.csproj", "{BC5E2739-6D66-4DD5-8501-BBE92D4E8522}"
EndProject
Project("{FAE04EC0-301F-11D3-BF4B-00C04F79EFBC}") = "AbstractFactorySample", "AbstractFactorySample\AbstractFactorySample.csproj", "{02BEB822-4899-494D-BD32-67AAA8B26CB6}"
EndProject
Project("{FAE04EC0-301F-11D3-BF4B-00C04F79EFBC}") = "BuilderSample", "BuilderSample\BuilderSample.csproj", "{DED178CE-B61E-4078-AAF2-935CB52F87EA}"
EndProject
Project("{FAE04EC0-301F-11D3-BF4B-00C04F79EFBC}") = "PrototypeSample", "PrototypeSample\PrototypeSample.csproj", "{C424EDE1-E498-4267-82B4-08B2DAFD32B1}"
EndProject
Project("{FAE04EC0-301F-11D3-BF4B-00C04F79EFBC}") = "AdapterSample", "AdapterSample\AdapterSample.csproj", "{DA52043B-29D6-43A1-9D56-799470054018}"
EndProject
Project("{FAE04EC0-301F-11D3-BF4B-00C04F79EFBC}") = "CompositeSample", "CompositeSample\CompositeSample.csproj", "{3E031ACF-DB9E-4D98-9F5E-28F258E996CC}"
EndProject
Global
	GlobalSection(SolutionConfigurationPlatforms) = preSolution
		Debug|Any CPU = Debug|Any CPU
		Release|Any CPU = Release|Any CPU
	EndGlobalSection
	GlobalSection(ProjectConfigurationPlatforms) = postSolution
		{BDFD8A53-1C12-44AF-9B80-489C84F453D1}.Debug|Any CPU.ActiveCfg = Debug|Any CPU
		{BDFD8A53-1C12-44AF-9B80-489C84F453D1}.Debug|Any CPU.Build.0 = Debug|Any CPU
		{BDFD8A53-1C12-44AF-9B80-489C84F453D1}.Release|Any CPU.ActiveCfg = Release|Any CPU
		{BDFD8A53-1C12-44AF-9B80-489C84F453D1}.Release|Any CPU.Build.0 = Release|Any CPU
		{222013A0-F717-4E0E-B3F5-44F5F877C751}.Debug|Any CPU.ActiveCfg = Debug|Any CPU
		{222013A0-F717-4E0E-B3F5-44F5F877C751}.Debug|Any CPU.Build.0 = Debug|Any CPU
		{222013A0-F717-4E0E-B3F5-44F5F877C751}.Release|Any CPU.ActiveCfg = Release|Any CPU
		{222013A0-F717-4E0E-B3F5-44F5F877C751}.Release|Any CPU.Build.0 = Release|Any CPU
		{CFC915EE-FF1E-45BA-B9B5-CCFDE9F9B375}.Debug|Any CPU.ActiveCfg = Debug|Any CPU
		{CFC915EE-FF1E-45BA-B9B5-CCFDE9F9B375}.Debug|Any CPU.Build.0 = Debug|Any CPU
		{CFC915EE-FF1E-45BA-B9B5-CCFDE9F9B375}.Release|Any CPU.ActiveCfg = Release|Any CPU
		{CFC915EE-FF1E-45BA-B9B5-CCFDE9F9B375}.Release|Any CPU.Build.0 = Release|Any CPU
		{F555161C-3C75-49E6-8B19-3A53CE7569BD}.Debug|Any CPU.ActiveCfg = Debug|Any CPU
		{F555161C-3C75-49E6-8B19-3A53CE7569BD}.Debug|Any CPU.Build.0 = Debug|Any CPU
		{F555161C-3C75-49E6-8B19-3A53CE7569BD}.Release|Any CPU.ActiveCfg = Release|Any CPU
		{F555161C-3C75-49E6-8B19-3A53CE7569BD}.Release|Any CPU.Build.0 = Release|Any CPU
		{EA56DE68-9B0B-4EC1-B65A-0BE4D3D34053}.Debug|Any CPU.ActiveCfg = Debug|Any CPU
		{EA56DE68-9B0B-4EC1-B65A-0BE4D3D34053}.Debug|Any CPU.Build.0 = Debug|Any CPU
		{EA56DE68-9B0B-4EC1-B65A-0BE4D3D34053}.Release|Any CPU.ActiveCfg = Release|Any CPU
		{EA56DE68-9B0B-4EC1-B65A-0BE4D3D34053}.Release|Any CPU.Build.0 = Release|Any CPU
		{29D09D9A-B691-4119-B378-03F340B337A4}.Debug|Any CPU.ActiveCfg = Debug|Any CPU
		{29D09D9A-B691-4119-B378-03F340B337A4}.Debug|Any CPU.Build.0 = Debug|Any CPU
		{29D09D9A-B691-4119-B378-03F340B337A4}.Release|Any CPU.ActiveCfg = Release|Any CPU
		{29D09D9A-B691-4119-B378-03F340B337A4}.Release|Any CPU.Build.0 = Release|Any CPU
		{6A9B8C71-5091-4D61-8670-A5EEF033D3A8}.Debug|Any CPU.ActiveCfg = Debug|Any CPU
		{6A9B8C71-5091-4D61-8670-A5EEF033D3A8}.Debug|Any CPU.Build.0 = Debug|Any CPU
		{6A9B8C71-5091-4D61-8670-A5EEF033D3A8}.Release|Any CPU.ActiveCfg = Release|Any CPU
		{6A9B8C71-5091-4D61-8670-A5EEF033D3A8}.Release|Any CPU.Build.0 = Release|Any CPU
		{F6986024-DAF7-4C1E-931B-F4CE7EABE93D}.Debug|Any CPU.ActiveCfg = Debug|Any CPU
		{F6986024-DAF7-4C1E-931B-F4CE7EABE93D}.Debug|Any CPU.Build.0 = Debug|Any CPU
		{F6986024-DAF7-4C1E-931B-F4CE7EABE93D}.Release|Any CPU.ActiveCfg = Release|Any CPU
		{F6986024-DAF7-4C1E-931B-F4CE7EABE93D}.Release|Any CPU.Build.0 = Release|Any CPU
		{9A143FB8-9456-40E1-B027-BDE84C1E5035}.Debug|Any CPU.ActiveCfg = Debug|Any CPU
		{9A143FB8-9456-40E1-B027-BDE84C1E5035}.Debug|Any CPU.Build.0 = Debug|Any CPU
		{9A143FB8-9456-40E1-B027-BDE84C1E5035}.Release|Any CPU.ActiveCfg = Release|Any CPU
		{9A143FB8-9456-40E1-B027-BDE84C1E5035}.Release|Any CPU.Build.0 = Release|Any CPU
		{5B6F114A-6CCF-40F7-A300-708EE466588D}.Debug|Any CPU.ActiveCfg = Debug|Any CPU
		{5B6F114A-6CCF-40F7-A300-708EE466588D}.Debug|Any CPU.Build.0 = Debug|Any CPU
		{5B6F114A-6CCF-40F7-A300-708EE466588D}.Release|Any CPU.ActiveCfg = Release|Any CPU
		{5B6F114A-6CCF-40F7-A300-708EE466588D}.Release|Any CPU.Build.0 = Release|Any CPU
		{B2D6A801-E73C-4154-AAE1-4D059FF716A3}.Debug|Any CPU.ActiveCfg = Debug|Any CPU
		{B2D6A801-E73C-4154-AAE1-4D059FF716A3}.Debug|Any CPU.Build.0 = Debug|Any CPU
		{B2D6A801-E73C-4154-AAE1-4D059FF716A3}.Release|Any CPU.ActiveCfg = Release|Any CPU
		{B2D6A801-E73C-4154-AAE1-4D059FF716A3}.Release|Any CPU.Build.0 = Release|Any CPU
		{32B91976-EFE3-4488-B0D9-458AEB617F5C}.Debug|Any CPU.ActiveCfg = Debug|Any CPU
		{32B91976-EFE3-4488-B0D9-458AEB617F5C}.Debug|Any CPU.Build.0 = Debug|Any CPU
		{32B91976-EFE3-4488-B0D9-458AEB617F5C}.Release|Any CPU.ActiveCfg = Release|Any CPU
		{32B91976-EFE3-4488-B0D9-458AEB617F5C}.Release|Any CPU.Build.0 = Release|Any CPU
		{EE227E32-FA88-41C9-B3BF-51FC5F6FA95C}.Debug|Any CPU.ActiveCfg = Debug|Any CPU
		{EE227E32-FA88-41C9-B3BF-51FC5F6FA95C}.Debug|Any CPU.Build.0 = Debug|Any CPU
		{EE227E32-FA88-41C9-B3BF-51FC5F6FA95C}.Release|Any CPU.ActiveCfg = Release|Any CPU
		{EE227E32-FA88-41C9-B3BF-51FC5F6FA95C}.Release|Any CPU.Build.0 = Release|Any CPU
		{55511E2B-277C-4635-9EA8-34E4DAFAB860}.Debug|Any CPU.ActiveCfg = Debug|Any CPU
		{55511E2B-277C-4635-9EA8-34E4DAFAB860}.Debug|Any CPU.Build.0 = Debug|Any CPU
		{55511E2B-277C-4635-9EA8-34E4DAFAB860}.Release|Any CPU.ActiveCfg = Release|Any CPU
		{55511E2B-277C-4635-9EA8-34E4DAFAB860}.Release|Any CPU.Build.0 = Release|Any CPU
		{83AE18BA-9A6D-491E-86DA-C92957D3E195}.Debug|Any CPU.ActiveCfg = Debug|Any CPU
		{83AE18BA-9A6D-491E-86DA-C92957D3E195}.Debug|Any CPU.Build.0 = Debug|Any CPU
		{83AE18BA-9A6D-491E-86DA-C92957D3E195}.Release|Any CPU.ActiveCfg = Release|Any CPU
		{83AE18BA-9A6D-491E-86DA-C92957D3E195}.Release|Any CPU.Build.0 = Release|Any CPU
		{C6CAE2AF-DAE9-4A02-80B6-CFA19A52FAEE}.Debug|Any CPU.ActiveCfg = Debug|Any CPU
		{C6CAE2AF-DAE9-4A02-80B6-CFA19A52FAEE}.Debug|Any CPU.Build.0 = Debug|Any CPU
		{C6CAE2AF-DAE9-4A02-80B6-CFA19A52FAEE}.Release|Any CPU.ActiveCfg = Release|Any CPU
		{C6CAE2AF-DAE9-4A02-80B6-CFA19A52FAEE}.Release|Any CPU.Build.0 = Release|Any CPU
		{DB695654-D045-4E56-80B2-94D705ECA556}.Debug|Any CPU.ActiveCfg = Debug|Any CPU
		{DB695654-D045-4E56-80B2-94D705ECA556}.Debug|Any CPU.Build.0 = Debug|Any CPU
		{DB695654-D045-4E56-80B2-94D705ECA556}.Release|Any CPU.ActiveCfg = Release|Any CPU
		{DB695654-D045-4E56-80B2-94D705ECA556}.Release|Any CPU.Build.0 = Release|Any CPU
		{71952892-C01E-47E6-AB0B-0057CFB81845}.Debug|Any CPU.ActiveCfg = Debug|Any CPU
		{71952892-C01E-47E6-AB0B-0057CFB81845}.Debug|Any CPU.Build.0 = Debug|Any CPU
		{71952892-C01E-47E6-AB0B-0057CFB81845}.Release|Any CPU.ActiveCfg = Release|Any CPU
		{71952892-C01E-47E6-AB0B-0057CFB81845}.Release|Any CPU.Build.0 = Release|Any CPU
		{F5923503-0D8A-48CF-A013-ED56E9A7E0AD}.Debug|Any CPU.ActiveCfg = Debug|Any CPU
		{F5923503-0D8A-48CF-A013-ED56E9A7E0AD}.Debug|Any CPU.Build.0 = Debug|Any CPU
		{F5923503-0D8A-48CF-A013-ED56E9A7E0AD}.Release|Any CPU.ActiveCfg = Release|Any CPU
		{F5923503-0D8A-48CF-A013-ED56E9A7E0AD}.Release|Any CPU.Build.0 = Release|Any CPU
		{7D86B7C8-28B3-4CC6-9D06-4614B588B3BE}.Debug|Any CPU.ActiveCfg = Debug|Any CPU
		{7D86B7C8-28B3-4CC6-9D06-4614B588B3BE}.Debug|Any CPU.Build.0 = Debug|Any CPU
		{7D86B7C8-28B3-4CC6-9D06-4614B588B3BE}.Release|Any CPU.ActiveCfg = Release|Any CPU
		{7D86B7C8-28B3-4CC6-9D06-4614B588B3BE}.Release|Any CPU.Build.0 = Release|Any CPU
		{07F4A5F1-3FF8-42BD-A5CE-FBDE94AC6173}.Debug|Any CPU.ActiveCfg = Debug|Any CPU
		{07F4A5F1-3FF8-42BD-A5CE-FBDE94AC6173}.Debug|Any CPU.Build.0 = Debug|Any CPU
		{07F4A5F1-3FF8-42BD-A5CE-FBDE94AC6173}.Release|Any CPU.ActiveCfg = Release|Any CPU
		{07F4A5F1-3FF8-42BD-A5CE-FBDE94AC6173}.Release|Any CPU.Build.0 = Release|Any CPU
		{A511EEC8-CCEA-4BD2-97D1-BDD0EB0DA7D5}.Debug|Any CPU.ActiveCfg = Debug|Any CPU
		{A511EEC8-CCEA-4BD2-97D1-BDD0EB0DA7D5}.Debug|Any CPU.Build.0 = Debug|Any CPU
		{A511EEC8-CCEA-4BD2-97D1-BDD0EB0DA7D5}.Release|Any CPU.ActiveCfg = Release|Any CPU
		{A511EEC8-CCEA-4BD2-97D1-BDD0EB0DA7D5}.Release|Any CPU.Build.0 = Release|Any CPU
		{FCD432B6-4E3D-4D58-B900-359EE7F5FB85}.Debug|Any CPU.ActiveCfg = Debug|Any CPU
		{FCD432B6-4E3D-4D58-B900-359EE7F5FB85}.Debug|Any CPU.Build.0 = Debug|Any CPU
		{FCD432B6-4E3D-4D58-B900-359EE7F5FB85}.Release|Any CPU.ActiveCfg = Release|Any CPU
		{FCD432B6-4E3D-4D58-B900-359EE7F5FB85}.Release|Any CPU.Build.0 = Release|Any CPU
		{AC0F77A8-848E-41FD-85C5-4023A203759D}.Debug|Any CPU.ActiveCfg = Debug|Any CPU
		{AC0F77A8-848E-41FD-85C5-4023A203759D}.Debug|Any CPU.Build.0 = Debug|Any CPU
		{AC0F77A8-848E-41FD-85C5-4023A203759D}.Release|Any CPU.ActiveCfg = Release|Any CPU
		{AC0F77A8-848E-41FD-85C5-4023A203759D}.Release|Any CPU.Build.0 = Release|Any CPU
		{F0AB0FC3-DD6F-4D9F-A999-06454CD92E3E}.Debug|Any CPU.ActiveCfg = Debug|Any CPU
		{F0AB0FC3-DD6F-4D9F-A999-06454CD92E3E}.Debug|Any CPU.Build.0 = Debug|Any CPU
		{F0AB0FC3-DD6F-4D9F-A999-06454CD92E3E}.Release|Any CPU.ActiveCfg = Release|Any CPU
		{F0AB0FC3-DD6F-4D9F-A999-06454CD92E3E}.Release|Any CPU.Build.0 = Release|Any CPU
		{12331036-2DBE-46F3-A78B-65A83D2E54EB}.Debug|Any CPU.ActiveCfg = Debug|Any CPU
		{12331036-2DBE-46F3-A78B-65A83D2E54EB}.Debug|Any CPU.Build.0 = Debug|Any CPU
		{12331036-2DBE-46F3-A78B-65A83D2E54EB}.Release|Any CPU.ActiveCfg = Release|Any CPU
		{12331036-2DBE-46F3-A78B-65A83D2E54EB}.Release|Any CPU.Build.0 = Release|Any CPU
		{0DAF19DB-2FE5-4604-87E7-9CD9E3F2D615}.Debug|Any CPU.ActiveCfg = Debug|Any CPU
		{0DAF19DB-2FE5-4604-87E7-9CD9E3F2D615}.Debug|Any CPU.Build.0 = Debug|Any CPU
		{0DAF19DB-2FE5-4604-87E7-9CD9E3F2D615}.Release|Any CPU.ActiveCfg = Release|Any CPU
		{0DAF19DB-2FE5-4604-87E7-9CD9E3F2D615}.Release|Any CPU.Build.0 = Release|Any CPU
		{5153016C-8EFC-4A2B-A90D-1FBAA70DD625}.Debug|Any CPU.ActiveCfg = Debug|Any CPU
		{5153016C-8EFC-4A2B-A90D-1FBAA70DD625}.Debug|Any CPU.Build.0 = Debug|Any CPU
		{5153016C-8EFC-4A2B-A90D-1FBAA70DD625}.Release|Any CPU.ActiveCfg = Release|Any CPU
		{5153016C-8EFC-4A2B-A90D-1FBAA70DD625}.Release|Any CPU.Build.0 = Release|Any CPU
		{417AE025-B810-40C7-8034-A036FBC8625D}.Debug|Any CPU.ActiveCfg = Debug|Any CPU
		{417AE025-B810-40C7-8034-A036FBC8625D}.Debug|Any CPU.Build.0 = Debug|Any CPU
		{417AE025-B810-40C7-8034-A036FBC8625D}.Release|Any CPU.ActiveCfg = Release|Any CPU
		{417AE025-B810-40C7-8034-A036FBC8625D}.Release|Any CPU.Build.0 = Release|Any CPU
		{E7A4BA97-2ACC-46AF-912F-1AA06332AA45}.Debug|Any CPU.ActiveCfg = Debug|Any CPU
		{E7A4BA97-2ACC-46AF-912F-1AA06332AA45}.Debug|Any CPU.Build.0 = Debug|Any CPU
		{E7A4BA97-2ACC-46AF-912F-1AA06332AA45}.Release|Any CPU.ActiveCfg = Release|Any CPU
		{E7A4BA97-2ACC-46AF-912F-1AA06332AA45}.Release|Any CPU.Build.0 = Release|Any CPU
		{17DD68C8-4BA9-4B6A-827A-4326E5A1EF43}.Debug|Any CPU.ActiveCfg = Debug|Any CPU
		{17DD68C8-4BA9-4B6A-827A-4326E5A1EF43}.Debug|Any CPU.Build.0 = Debug|Any CPU
		{17DD68C8-4BA9-4B6A-827A-4326E5A1EF43}.Release|Any CPU.ActiveCfg = Release|Any CPU
		{17DD68C8-4BA9-4B6A-827A-4326E5A1EF43}.Release|Any CPU.Build.0 = Release|Any CPU
		{187FEEC4-82DE-4C6A-A21C-4BD915826766}.Debug|Any CPU.ActiveCfg = Debug|Any CPU
		{187FEEC4-82DE-4C6A-A21C-4BD915826766}.Debug|Any CPU.Build.0 = Debug|Any CPU
		{187FEEC4-82DE-4C6A-A21C-4BD915826766}.Release|Any CPU.ActiveCfg = Release|Any CPU
		{187FEEC4-82DE-4C6A-A21C-4BD915826766}.Release|Any CPU.Build.0 = Release|Any CPU
		{C0B947BF-2802-4403-A59A-F9C80D27BE63}.Debug|Any CPU.ActiveCfg = Debug|Any CPU
		{C0B947BF-2802-4403-A59A-F9C80D27BE63}.Debug|Any CPU.Build.0 = Debug|Any CPU
		{C0B947BF-2802-4403-A59A-F9C80D27BE63}.Release|Any CPU.ActiveCfg = Release|Any CPU
		{C0B947BF-2802-4403-A59A-F9C80D27BE63}.Release|Any CPU.Build.0 = Release|Any CPU
		{4800C433-4EB2-4F8B-944E-02C66B371A1E}.Debug|Any CPU.ActiveCfg = Debug|Any CPU
		{4800C433-4EB2-4F8B-944E-02C66B371A1E}.Debug|Any CPU.Build.0 = Debug|Any CPU
		{4800C433-4EB2-4F8B-944E-02C66B371A1E}.Release|Any CPU.ActiveCfg = Release|Any CPU
		{4800C433-4EB2-4F8B-944E-02C66B371A1E}.Release|Any CPU.Build.0 = Release|Any CPU
		{6D46B5C4-68DD-4433-9E23-0221632FB981}.Debug|Any CPU.ActiveCfg = Debug|Any CPU
		{6D46B5C4-68DD-4433-9E23-0221632FB981}.Debug|Any CPU.Build.0 = Debug|Any CPU
		{6D46B5C4-68DD-4433-9E23-0221632FB981}.Release|Any CPU.ActiveCfg = Release|Any CPU
		{6D46B5C4-68DD-4433-9E23-0221632FB981}.Release|Any CPU.Build.0 = Release|Any CPU
		{1BA6AB22-02C7-4D9D-A14F-5085E71FFB1F}.Debug|Any CPU.ActiveCfg = Debug|Any CPU
		{1BA6AB22-02C7-4D9D-A14F-5085E71FFB1F}.Debug|Any CPU.Build.0 = Debug|Any CPU
		{1BA6AB22-02C7-4D9D-A14F-5085E71FFB1F}.Release|Any CPU.ActiveCfg = Release|Any CPU
		{1BA6AB22-02C7-4D9D-A14F-5085E71FFB1F}.Release|Any CPU.Build.0 = Release|Any CPU
		{ED9B0EF0-4B72-40E0-93A5-DE2DB38912C0}.Debug|Any CPU.ActiveCfg = Debug|Any CPU
		{ED9B0EF0-4B72-40E0-93A5-DE2DB38912C0}.Debug|Any CPU.Build.0 = Debug|Any CPU
		{ED9B0EF0-4B72-40E0-93A5-DE2DB38912C0}.Release|Any CPU.ActiveCfg = Release|Any CPU
		{ED9B0EF0-4B72-40E0-93A5-DE2DB38912C0}.Release|Any CPU.Build.0 = Release|Any CPU
		{0A3271EB-9C23-4D6C-8550-51D7872A68A9}.Debug|Any CPU.ActiveCfg = Debug|Any CPU
		{0A3271EB-9C23-4D6C-8550-51D7872A68A9}.Debug|Any CPU.Build.0 = Debug|Any CPU
		{0A3271EB-9C23-4D6C-8550-51D7872A68A9}.Release|Any CPU.ActiveCfg = Release|Any CPU
		{0A3271EB-9C23-4D6C-8550-51D7872A68A9}.Release|Any CPU.Build.0 = Release|Any CPU
		{90998858-DDCA-4705-B085-F9CB1E5E3625}.Debug|Any CPU.ActiveCfg = Debug|Any CPU
		{90998858-DDCA-4705-B085-F9CB1E5E3625}.Debug|Any CPU.Build.0 = Debug|Any CPU
		{90998858-DDCA-4705-B085-F9CB1E5E3625}.Release|Any CPU.ActiveCfg = Release|Any CPU
		{90998858-DDCA-4705-B085-F9CB1E5E3625}.Release|Any CPU.Build.0 = Release|Any CPU
		{BF065405-9D2C-4C17-A727-B48E08039C3E}.Debug|Any CPU.ActiveCfg = Debug|Any CPU
		{BF065405-9D2C-4C17-A727-B48E08039C3E}.Debug|Any CPU.Build.0 = Debug|Any CPU
		{BF065405-9D2C-4C17-A727-B48E08039C3E}.Release|Any CPU.ActiveCfg = Release|Any CPU
		{BF065405-9D2C-4C17-A727-B48E08039C3E}.Release|Any CPU.Build.0 = Release|Any CPU
		{BC5E2739-6D66-4DD5-8501-BBE92D4E8522}.Debug|Any CPU.ActiveCfg = Debug|Any CPU
		{BC5E2739-6D66-4DD5-8501-BBE92D4E8522}.Debug|Any CPU.Build.0 = Debug|Any CPU
		{BC5E2739-6D66-4DD5-8501-BBE92D4E8522}.Release|Any CPU.ActiveCfg = Release|Any CPU
		{BC5E2739-6D66-4DD5-8501-BBE92D4E8522}.Release|Any CPU.Build.0 = Release|Any CPU
		{02BEB822-4899-494D-BD32-67AAA8B26CB6}.Debug|Any CPU.ActiveCfg = Debug|Any CPU
		{02BEB822-4899-494D-BD32-67AAA8B26CB6}.Debug|Any CPU.Build.0 = Debug|Any CPU
		{02BEB822-4899-494D-BD32-67AAA8B26CB6}.Release|Any CPU.ActiveCfg = Release|Any CPU
		{02BEB822-4899-494D-BD32-67AAA8B26CB6}.Release|Any CPU.Build.0 = Release|Any CPU
		{DED178CE-B61E-4078-AAF2-935CB52F87EA}.Debug|Any CPU.ActiveCfg = Debug|Any CPU
		{DED178CE-B61E-4078-AAF2-935CB52F87EA}.Debug|Any CPU.Build.0 = Debug|Any CPU
		{DED178CE-B61E-4078-AAF2-935CB52F87EA}.Release|Any CPU.ActiveCfg = Release|Any CPU
		{DED178CE-B61E-4078-AAF2-935CB52F87EA}.Release|Any CPU.Build.0 = Release|Any CPU
		{C424EDE1-E498-4267-82B4-08B2DAFD32B1}.Debug|Any CPU.ActiveCfg = Debug|Any CPU
		{C424EDE1-E498-4267-82B4-08B2DAFD32B1}.Debug|Any CPU.Build.0 = Debug|Any CPU
		{C424EDE1-E498-4267-82B4-08B2DAFD32B1}.Release|Any CPU.ActiveCfg = Release|Any CPU
		{C424EDE1-E498-4267-82B4-08B2DAFD32B1}.Release|Any CPU.Build.0 = Release|Any CPU
		{DA52043B-29D6-43A1-9D56-799470054018}.Debug|Any CPU.ActiveCfg = Debug|Any CPU
		{DA52043B-29D6-43A1-9D56-799470054018}.Debug|Any CPU.Build.0 = Debug|Any CPU
		{DA52043B-29D6-43A1-9D56-799470054018}.Release|Any CPU.ActiveCfg = Release|Any CPU
		{DA52043B-29D6-43A1-9D56-799470054018}.Release|Any CPU.Build.0 = Release|Any CPU
		{3E031ACF-DB9E-4D98-9F5E-28F258E996CC}.Debug|Any CPU.ActiveCfg = Debug|Any CPU
		{3E031ACF-DB9E-4D98-9F5E-28F258E996CC}.Debug|Any CPU.Build.0 = Debug|Any CPU
		{3E031ACF-DB9E-4D98-9F5E-28F258E996CC}.Release|Any CPU.ActiveCfg = Release|Any CPU
		{3E031ACF-DB9E-4D98-9F5E-28F258E996CC}.Release|Any CPU.Build.0 = Release|Any CPU
	EndGlobalSection
	GlobalSection(SolutionProperties) = preSolution
		HideSolutionNode = FALSE
	EndGlobalSection
	GlobalSection(NestedProjects) = preSolution
		{BDFD8A53-1C12-44AF-9B80-489C84F453D1} = {3E860CE8-E316-47B4-988D-59E2953244DD}
		{2E628392-FBAF-4329-9E6A-9246E1C0A134} = {85E331E4-3429-467E-BF8E-3D91EA1E6B24}
		{222013A0-F717-4E0E-B3F5-44F5F877C751} = {2E628392-FBAF-4329-9E6A-9246E1C0A134}
		{C99AF6B0-7CD2-4504-B2DB-98F3EA806040} = {85E331E4-3429-467E-BF8E-3D91EA1E6B24}
		{CFC915EE-FF1E-45BA-B9B5-CCFDE9F9B375} = {C99AF6B0-7CD2-4504-B2DB-98F3EA806040}
		{F555161C-3C75-49E6-8B19-3A53CE7569BD} = {85E331E4-3429-467E-BF8E-3D91EA1E6B24}
		{EA56DE68-9B0B-4EC1-B65A-0BE4D3D34053} = {2E628392-FBAF-4329-9E6A-9246E1C0A134}
		{29D09D9A-B691-4119-B378-03F340B337A4} = {85E331E4-3429-467E-BF8E-3D91EA1E6B24}
		{6A9B8C71-5091-4D61-8670-A5EEF033D3A8} = {C99AF6B0-7CD2-4504-B2DB-98F3EA806040}
		{F6986024-DAF7-4C1E-931B-F4CE7EABE93D} = {85E331E4-3429-467E-BF8E-3D91EA1E6B24}
		{AAD9F833-7493-4DF3-A4D7-7C5003A432A5} = {85E331E4-3429-467E-BF8E-3D91EA1E6B24}
		{9A143FB8-9456-40E1-B027-BDE84C1E5035} = {AAD9F833-7493-4DF3-A4D7-7C5003A432A5}
		{5B6F114A-6CCF-40F7-A300-708EE466588D} = {85E331E4-3429-467E-BF8E-3D91EA1E6B24}
		{B2D6A801-E73C-4154-AAE1-4D059FF716A3} = {85E331E4-3429-467E-BF8E-3D91EA1E6B24}
		{32B91976-EFE3-4488-B0D9-458AEB617F5C} = {85E331E4-3429-467E-BF8E-3D91EA1E6B24}
		{EE227E32-FA88-41C9-B3BF-51FC5F6FA95C} = {2E628392-FBAF-4329-9E6A-9246E1C0A134}
		{55511E2B-277C-4635-9EA8-34E4DAFAB860} = {85E331E4-3429-467E-BF8E-3D91EA1E6B24}
		{83AE18BA-9A6D-491E-86DA-C92957D3E195} = {85E331E4-3429-467E-BF8E-3D91EA1E6B24}
		{C6CAE2AF-DAE9-4A02-80B6-CFA19A52FAEE} = {85E331E4-3429-467E-BF8E-3D91EA1E6B24}
		{7623A304-EFBB-470A-8576-D898B57ED962} = {85E331E4-3429-467E-BF8E-3D91EA1E6B24}
		{DB695654-D045-4E56-80B2-94D705ECA556} = {7623A304-EFBB-470A-8576-D898B57ED962}
		{B38103B2-98C2-48F8-B8BC-9FEBC09F0C2D} = {D8FCA4F9-BA5E-4D62-B3DA-641DA53DB081}
		{71952892-C01E-47E6-AB0B-0057CFB81845} = {B38103B2-98C2-48F8-B8BC-9FEBC09F0C2D}
		{F5923503-0D8A-48CF-A013-ED56E9A7E0AD} = {B38103B2-98C2-48F8-B8BC-9FEBC09F0C2D}
		{7D86B7C8-28B3-4CC6-9D06-4614B588B3BE} = {B38103B2-98C2-48F8-B8BC-9FEBC09F0C2D}
		{07F4A5F1-3FF8-42BD-A5CE-FBDE94AC6173} = {B38103B2-98C2-48F8-B8BC-9FEBC09F0C2D}
		{0313FF61-3BC9-4C6A-A418-BFAC0432B929} = {7623A304-EFBB-470A-8576-D898B57ED962}
		{A511EEC8-CCEA-4BD2-97D1-BDD0EB0DA7D5} = {0313FF61-3BC9-4C6A-A418-BFAC0432B929}
		{29C929B0-F18D-4D6B-B87D-2FCCF266083D} = {D8FCA4F9-BA5E-4D62-B3DA-641DA53DB081}
		{FCD432B6-4E3D-4D58-B900-359EE7F5FB85} = {29C929B0-F18D-4D6B-B87D-2FCCF266083D}
		{AC0F77A8-848E-41FD-85C5-4023A203759D} = {29C929B0-F18D-4D6B-B87D-2FCCF266083D}
		{64D21472-88EE-4E8E-9734-1EDB8FE30A69} = {D8FCA4F9-BA5E-4D62-B3DA-641DA53DB081}
		{F0AB0FC3-DD6F-4D9F-A999-06454CD92E3E} = {64D21472-88EE-4E8E-9734-1EDB8FE30A69}
		{A539842E-FD42-4665-A5BB-45183AF3C273} = {D8FCA4F9-BA5E-4D62-B3DA-641DA53DB081}
		{12331036-2DBE-46F3-A78B-65A83D2E54EB} = {A539842E-FD42-4665-A5BB-45183AF3C273}
		{0DAF19DB-2FE5-4604-87E7-9CD9E3F2D615} = {A539842E-FD42-4665-A5BB-45183AF3C273}
		{5153016C-8EFC-4A2B-A90D-1FBAA70DD625} = {A539842E-FD42-4665-A5BB-45183AF3C273}
		{417AE025-B810-40C7-8034-A036FBC8625D} = {A539842E-FD42-4665-A5BB-45183AF3C273}
		{E7A4BA97-2ACC-46AF-912F-1AA06332AA45} = {64D21472-88EE-4E8E-9734-1EDB8FE30A69}
		{17DD68C8-4BA9-4B6A-827A-4326E5A1EF43} = {64D21472-88EE-4E8E-9734-1EDB8FE30A69}
		{187FEEC4-82DE-4C6A-A21C-4BD915826766} = {64D21472-88EE-4E8E-9734-1EDB8FE30A69}
		{C0B947BF-2802-4403-A59A-F9C80D27BE63} = {237BA69D-CD97-409F-A8F0-4844E38DA19F}
		{4800C433-4EB2-4F8B-944E-02C66B371A1E} = {A98CE0F6-AF69-4C65-B303-09AAF28EAF12}
		{6D46B5C4-68DD-4433-9E23-0221632FB981} = {A98CE0F6-AF69-4C65-B303-09AAF28EAF12}
		{1BA6AB22-02C7-4D9D-A14F-5085E71FFB1F} = {96CD18D0-C39A-4A20-A4FF-752DE8385536}
		{ED9B0EF0-4B72-40E0-93A5-DE2DB38912C0} = {1223258F-7F52-4DED-A241-F9080EFF2168}
		{0A3271EB-9C23-4D6C-8550-51D7872A68A9} = {85E331E4-3429-467E-BF8E-3D91EA1E6B24}
		{90998858-DDCA-4705-B085-F9CB1E5E3625} = {237BA69D-CD97-409F-A8F0-4844E38DA19F}
		{BF065405-9D2C-4C17-A727-B48E08039C3E} = {483E79F0-C023-4B1E-B7E7-F1540DF6D50A}
		{BC5E2739-6D66-4DD5-8501-BBE92D4E8522} = {483E79F0-C023-4B1E-B7E7-F1540DF6D50A}
		{02BEB822-4899-494D-BD32-67AAA8B26CB6} = {483E79F0-C023-4B1E-B7E7-F1540DF6D50A}
		{DED178CE-B61E-4078-AAF2-935CB52F87EA} = {483E79F0-C023-4B1E-B7E7-F1540DF6D50A}
		{C424EDE1-E498-4267-82B4-08B2DAFD32B1} = {483E79F0-C023-4B1E-B7E7-F1540DF6D50A}
		{DA52043B-29D6-43A1-9D56-799470054018} = {483E79F0-C023-4B1E-B7E7-F1540DF6D50A}
		{3E031ACF-DB9E-4D98-9F5E-28F258E996CC} = {483E79F0-C023-4B1E-B7E7-F1540DF6D50A}
	EndGlobalSection
	GlobalSection(ExtensibilityGlobals) = postSolution
		SolutionGuid = {BF3DD962-7081-4227-B858-00F334489CF0}
	EndGlobalSection
EndGlobal
