
Microsoft Visual Studio Solution File, Format Version 12.00
# Visual Studio 15
VisualStudioVersion = 15.0.27130.2027
MinimumVisualStudioVersion = 10.0.40219.1
Project("{2150E333-8FDC-42A3-9474-1A3956D46DE8}") = "dFramework", "dFramework", "{3E860CE8-E316-47B4-988D-59E2953244DD}"
EndProject
Project("{FAE04EC0-301F-11D3-BF4B-00C04F79EFBC}") = "DFramework", "DFramework\DFramework.csproj", "{BDFD8A53-1C12-44AF-9B80-489C84F453D1}"
EndProject
Project("{2150E333-8FDC-42A3-9474-1A3956D46DE8}") = "iPlugins", "iPlugins", "{85E331E4-3429-467E-BF8E-3D91EA1E6B24}"
EndProject
Project("{2150E333-8FDC-42A3-9474-1A3956D46DE8}") = "Ioc", "Ioc", "{2E628392-FBAF-4329-9E6A-9246E1C0A134}"
EndProject
Project("{FAE04EC0-301F-11D3-BF4B-00C04F79EFBC}") = "DFramework.Autofac", "DFramework.Autofac\DFramework.Autofac.csproj", "{222013A0-F717-4E0E-B3F5-44F5F877C751}"
EndProject
Project("{2150E333-8FDC-42A3-9474-1A3956D46DE8}") = "Loggings", "Loggings", "{C99AF6B0-7CD2-4504-B2DB-98F3EA806040}"
EndProject
Project("{FAE04EC0-301F-11D3-BF4B-00C04F79EFBC}") = "DFramework.Log4Net", "DFramework.Log4Net\DFramework.Log4Net.csproj", "{CFC915EE-FF1E-45BA-B9B5-CCFDE9F9B375}"
EndProject
Project("{FAE04EC0-301F-11D3-BF4B-00C04F79EFBC}") = "DFramework.JsonNet", "DFramework.JsonNet\DFramework.JsonNet.csproj", "{F555161C-3C75-49E6-8B19-3A53CE7569BD}"
EndProject
Global
	GlobalSection(SolutionConfigurationPlatforms) = preSolution
		Debug|Any CPU = Debug|Any CPU
		Release|Any CPU = Release|Any CPU
	EndGlobalSection
	GlobalSection(ProjectConfigurationPlatforms) = postSolution
		{BDFD8A53-1C12-44AF-9B80-489C84F453D1}.Debug|Any CPU.ActiveCfg = Debug|Any CPU
		{BDFD8A53-1C12-44AF-9B80-489C84F453D1}.Debug|Any CPU.Build.0 = Debug|Any CPU
		{BDFD8A53-1C12-44AF-9B80-489C84F453D1}.Release|Any CPU.ActiveCfg = Release|Any CPU
		{BDFD8A53-1C12-44AF-9B80-489C84F453D1}.Release|Any CPU.Build.0 = Release|Any CPU
		{222013A0-F717-4E0E-B3F5-44F5F877C751}.Debug|Any CPU.ActiveCfg = Debug|Any CPU
		{222013A0-F717-4E0E-B3F5-44F5F877C751}.Debug|Any CPU.Build.0 = Debug|Any CPU
		{222013A0-F717-4E0E-B3F5-44F5F877C751}.Release|Any CPU.ActiveCfg = Release|Any CPU
		{222013A0-F717-4E0E-B3F5-44F5F877C751}.Release|Any CPU.Build.0 = Release|Any CPU
		{CFC915EE-FF1E-45BA-B9B5-CCFDE9F9B375}.Debug|Any CPU.ActiveCfg = Debug|Any CPU
		{CFC915EE-FF1E-45BA-B9B5-CCFDE9F9B375}.Debug|Any CPU.Build.0 = Debug|Any CPU
		{CFC915EE-FF1E-45BA-B9B5-CCFDE9F9B375}.Release|Any CPU.ActiveCfg = Release|Any CPU
		{CFC915EE-FF1E-45BA-B9B5-CCFDE9F9B375}.Release|Any CPU.Build.0 = Release|Any CPU
		{F555161C-3C75-49E6-8B19-3A53CE7569BD}.Debug|Any CPU.ActiveCfg = Debug|Any CPU
		{F555161C-3C75-49E6-8B19-3A53CE7569BD}.Debug|Any CPU.Build.0 = Debug|Any CPU
		{F555161C-3C75-49E6-8B19-3A53CE7569BD}.Release|Any CPU.ActiveCfg = Release|Any CPU
		{F555161C-3C75-49E6-8B19-3A53CE7569BD}.Release|Any CPU.Build.0 = Release|Any CPU
	EndGlobalSection
	GlobalSection(SolutionProperties) = preSolution
		HideSolutionNode = FALSE
	EndGlobalSection
	GlobalSection(NestedProjects) = preSolution
		{BDFD8A53-1C12-44AF-9B80-489C84F453D1} = {3E860CE8-E316-47B4-988D-59E2953244DD}
		{2E628392-FBAF-4329-9E6A-9246E1C0A134} = {85E331E4-3429-467E-BF8E-3D91EA1E6B24}
		{222013A0-F717-4E0E-B3F5-44F5F877C751} = {2E628392-FBAF-4329-9E6A-9246E1C0A134}
		{C99AF6B0-7CD2-4504-B2DB-98F3EA806040} = {85E331E4-3429-467E-BF8E-3D91EA1E6B24}
		{CFC915EE-FF1E-45BA-B9B5-CCFDE9F9B375} = {C99AF6B0-7CD2-4504-B2DB-98F3EA806040}
		{F555161C-3C75-49E6-8B19-3A53CE7569BD} = {85E331E4-3429-467E-BF8E-3D91EA1E6B24}
	EndGlobalSection
	GlobalSection(ExtensibilityGlobals) = postSolution
		SolutionGuid = {BF3DD962-7081-4227-B858-00F334489CF0}
	EndGlobalSection
EndGlobal
