
Microsoft Visual Studio Solution File, Format Version 12.00
# Visual Studio 15
VisualStudioVersion = 15.0.27130.2027
MinimumVisualStudioVersion = 10.0.40219.1
Project("{2150E333-8FDC-42A3-9474-1A3956D46DE8}") = "dFramework", "dFramework", "{3E860CE8-E316-47B4-988D-59E2953244DD}"
EndProject
Project("{FAE04EC0-301F-11D3-BF4B-00C04F79EFBC}") = "DFramework", "DFramework\DFramework.csproj", "{BDFD8A53-1C12-44AF-9B80-489C84F453D1}"
EndProject
Global
	GlobalSection(SolutionConfigurationPlatforms) = preSolution
		Debug|Any CPU = Debug|Any CPU
		Release|Any CPU = Release|Any CPU
	EndGlobalSection
	GlobalSection(ProjectConfigurationPlatforms) = postSolution
		{BDFD8A53-1C12-44AF-9B80-489C84F453D1}.Debug|Any CPU.ActiveCfg = Debug|Any CPU
		{BDFD8A53-1C12-44AF-9B80-489C84F453D1}.Debug|Any CPU.Build.0 = Debug|Any CPU
		{BDFD8A53-1C12-44AF-9B80-489C84F453D1}.Release|Any CPU.ActiveCfg = Release|Any CPU
		{BDFD8A53-1C12-44AF-9B80-489C84F453D1}.Release|Any CPU.Build.0 = Release|Any CPU
	EndGlobalSection
	GlobalSection(SolutionProperties) = preSolution
		HideSolutionNode = FALSE
	EndGlobalSection
	GlobalSection(NestedProjects) = preSolution
		{BDFD8A53-1C12-44AF-9B80-489C84F453D1} = {3E860CE8-E316-47B4-988D-59E2953244DD}
	EndGlobalSection
	GlobalSection(ExtensibilityGlobals) = postSolution
		SolutionGuid = {BF3DD962-7081-4227-B858-00F334489CF0}
	EndGlobalSection
EndGlobal
